// !$*UTF8*$!
{
	archiveVersion = 1;
	classes = {
	};
	objectVersion = 50;
	objects = {

/* Begin PBXBuildFile section */
		CC33383822E05F0A0007FCC6 /* AppDelegate.m in Sources */ = {isa = PBXBuildFile; fileRef = CC33383722E05F0A0007FCC6 /* AppDelegate.m */; };
		CC33383B22E05F0A0007FCC6 /* ViewController.m in Sources */ = {isa = PBXBuildFile; fileRef = CC33383A22E05F0A0007FCC6 /* ViewController.m */; };
		CC33383E22E05F0A0007FCC6 /* Main.storyboard in Resources */ = {isa = PBXBuildFile; fileRef = CC33383C22E05F0A0007FCC6 /* Main.storyboard */; };
		CC33384022E05F0B0007FCC6 /* Assets.xcassets in Resources */ = {isa = PBXBuildFile; fileRef = CC33383F22E05F0B0007FCC6 /* Assets.xcassets */; };
		CC33384322E05F0B0007FCC6 /* LaunchScreen.storyboard in Resources */ = {isa = PBXBuildFile; fileRef = CC33384122E05F0B0007FCC6 /* LaunchScreen.storyboard */; };
		CC33384622E05F0B0007FCC6 /* main.m in Sources */ = {isa = PBXBuildFile; fileRef = CC33384522E05F0B0007FCC6 /* main.m */; };
		CC33385022E05F0B0007FCC6 /* LYSVersionUpdateManagerDemoTests.m in Sources */ = {isa = PBXBuildFile; fileRef = CC33384F22E05F0B0007FCC6 /* LYSVersionUpdateManagerDemoTests.m */; };
		CC33385B22E05F0B0007FCC6 /* LYSVersionUpdateManagerDemoUITests.m in Sources */ = {isa = PBXBuildFile; fileRef = CC33385A22E05F0B0007FCC6 /* LYSVersionUpdateManagerDemoUITests.m */; };
		CC33386B22E060DE0007FCC6 /* LYSVersionUpdateManager.m in Sources */ = {isa = PBXBuildFile; fileRef = CC33386A22E060DE0007FCC6 /* LYSVersionUpdateManager.m */; };
		CC456BBB22E1553F0045F0BA /* LYSVersionUpdateManager.podspec in Resources */ = {isa = PBXBuildFile; fileRef = CC456BBA22E1553F0045F0BA /* LYSVersionUpdateManager.podspec */; };
		CC456BBD22E155440045F0BA /* README.md in Resources */ = {isa = PBXBuildFile; fileRef = CC456BBC22E155440045F0BA /* README.md */; };
/* End PBXBuildFile section */

/* Begin PBXContainerItemProxy section */
		CC33384C22E05F0B0007FCC6 /* PBXContainerItemProxy */ = {
			isa = PBXContainerItemProxy;
			containerPortal = CC33382B22E05F0A0007FCC6 /* Project object */;
			proxyType = 1;
			remoteGlobalIDString = CC33383222E05F0A0007FCC6;
			remoteInfo = LYSVersionUpdateManagerDemo;
		};
		CC33385722E05F0B0007FCC6 /* PBXContainerItemProxy */ = {
			isa = PBXContainerItemProxy;
			containerPortal = CC33382B22E05F0A0007FCC6 /* Project object */;
			proxyType = 1;
			remoteGlobalIDString = CC33383222E05F0A0007FCC6;
			remoteInfo = LYSVersionUpdateManagerDemo;
		};
/* End PBXContainerItemProxy section */

/* Begin PBXFileReference section */
		CC33383322E05F0A0007FCC6 /* LYSVersionUpdateManagerDemo.app */ = {isa = PBXFileReference; explicitFileType = wrapper.application; includeInIndex = 0; path = LYSVersionUpdateManagerDemo.app; sourceTree = BUILT_PRODUCTS_DIR; };
		CC33383622E05F0A0007FCC6 /* AppDelegate.h */ = {isa = PBXFileReference; lastKnownFileType = sourcecode.c.h; path = AppDelegate.h; sourceTree = "<group>"; };
		CC33383722E05F0A0007FCC6 /* AppDelegate.m */ = {isa = PBXFileReference; lastKnownFileType = sourcecode.c.objc; path = AppDelegate.m; sourceTree = "<group>"; };
		CC33383922E05F0A0007FCC6 /* ViewController.h */ = {isa = PBXFileReference; lastKnownFileType = sourcecode.c.h; path = ViewController.h; sourceTree = "<group>"; };
		CC33383A22E05F0A0007FCC6 /* ViewController.m */ = {isa = PBXFileReference; lastKnownFileType = sourcecode.c.objc; path = ViewController.m; sourceTree = "<group>"; };
		CC33383D22E05F0A0007FCC6 /* Base */ = {isa = PBXFileReference; lastKnownFileType = file.storyboard; name = Base; path = Base.lproj/Main.storyboard; sourceTree = "<group>"; };
		CC33383F22E05F0B0007FCC6 /* Assets.xcassets */ = {isa = PBXFileReference; lastKnownFileType = folder.assetcatalog; path = Assets.xcassets; sourceTree = "<group>"; };
		CC33384222E05F0B0007FCC6 /* Base */ = {isa = PBXFileReference; lastKnownFileType = file.storyboard; name = Base; path = Base.lproj/LaunchScreen.storyboard; sourceTree = "<group>"; };
		CC33384422E05F0B0007FCC6 /* Info.plist */ = {isa = PBXFileReference; lastKnownFileType = text.plist.xml; path = Info.plist; sourceTree = "<group>"; };
		CC33384522E05F0B0007FCC6 /* main.m */ = {isa = PBXFileReference; lastKnownFileType = sourcecode.c.objc; path = main.m; sourceTree = "<group>"; };
		CC33384B22E05F0B0007FCC6 /* LYSVersionUpdateManagerDemoTests.xctest */ = {isa = PBXFileReference; explicitFileType = wrapper.cfbundle; includeInIndex = 0; path = LYSVersionUpdateManagerDemoTests.xctest; sourceTree = BUILT_PRODUCTS_DIR; };
		CC33384F22E05F0B0007FCC6 /* LYSVersionUpdateManagerDemoTests.m */ = {isa = PBXFileReference; lastKnownFileType = sourcecode.c.objc; path = LYSVersionUpdateManagerDemoTests.m; sourceTree = "<group>"; };
		CC33385122E05F0B0007FCC6 /* Info.plist */ = {isa = PBXFileReference; lastKnownFileType = text.plist.xml; path = Info.plist; sourceTree = "<group>"; };
		CC33385622E05F0B0007FCC6 /* LYSVersionUpdateManagerDemoUITests.xctest */ = {isa = PBXFileReference; explicitFileType = wrapper.cfbundle; includeInIndex = 0; path = LYSVersionUpdateManagerDemoUITests.xctest; sourceTree = BUILT_PRODUCTS_DIR; };
		CC33385A22E05F0B0007FCC6 /* LYSVersionUpdateManagerDemoUITests.m */ = {isa = PBXFileReference; lastKnownFileType = sourcecode.c.objc; path = LYSVersionUpdateManagerDemoUITests.m; sourceTree = "<group>"; };
		CC33385C22E05F0B0007FCC6 /* Info.plist */ = {isa = PBXFileReference; lastKnownFileType = text.plist.xml; path = Info.plist; sourceTree = "<group>"; };
		CC33386922E060DE0007FCC6 /* LYSVersionUpdateManager.h */ = {isa = PBXFileReference; lastKnownFileType = sourcecode.c.h; path = LYSVersionUpdateManager.h; sourceTree = "<group>"; };
		CC33386A22E060DE0007FCC6 /* LYSVersionUpdateManager.m */ = {isa = PBXFileReference; lastKnownFileType = sourcecode.c.objc; path = LYSVersionUpdateManager.m; sourceTree = "<group>"; };
		CC456BBA22E1553F0045F0BA /* LYSVersionUpdateManager.podspec */ = {isa = PBXFileReference; fileEncoding = 4; lastKnownFileType = text; name = LYSVersionUpdateManager.podspec; path = ../../LYSVersionUpdateManager.podspec; sourceTree = "<group>"; };
		CC456BBC22E155440045F0BA /* README.md */ = {isa = PBXFileReference; fileEncoding = 4; lastKnownFileType = net.daringfireball.markdown; name = README.md; path = ../../README.md; sourceTree = "<group>"; };
/* End PBXFileReference section */

/* Begin PBXFrameworksBuildPhase section */
		CC33383022E05F0A0007FCC6 /* Frameworks */ = {
			isa = PBXFrameworksBuildPhase;
			buildActionMask = 2147483647;
			files = (
			);
			runOnlyForDeploymentPostprocessing = 0;
		};
		CC33384822E05F0B0007FCC6 /* Frameworks */ = {
			isa = PBXFrameworksBuildPhase;
			buildActionMask = 2147483647;
			files = (
			);
			runOnlyForDeploymentPostprocessing = 0;
		};
		CC33385322E05F0B0007FCC6 /* Frameworks */ = {
			isa = PBXFrameworksBuildPhase;
			buildActionMask = 2147483647;
			files = (
			);
			runOnlyForDeploymentPostprocessing = 0;
		};
/* End PBXFrameworksBuildPhase section */

/* Begin PBXGroup section */
		CC33382A22E05F0A0007FCC6 = {
			isa = PBXGroup;
			children = (
				CC33383522E05F0A0007FCC6 /* LYSVersionUpdateManagerDemo */,
				CC33384E22E05F0B0007FCC6 /* LYSVersionUpdateManagerDemoTests */,
				CC33385922E05F0B0007FCC6 /* LYSVersionUpdateManagerDemoUITests */,
				CC33383422E05F0A0007FCC6 /* Products */,
			);
			sourceTree = "<group>";
		};
		CC33383422E05F0A0007FCC6 /* Products */ = {
			isa = PBXGroup;
			children = (
				CC33383322E05F0A0007FCC6 /* LYSVersionUpdateManagerDemo.app */,
				CC33384B22E05F0B0007FCC6 /* LYSVersionUpdateManagerDemoTests.xctest */,
				CC33385622E05F0B0007FCC6 /* LYSVersionUpdateManagerDemoUITests.xctest */,
			);
			name = Products;
			sourceTree = "<group>";
		};
		CC33383522E05F0A0007FCC6 /* LYSVersionUpdateManagerDemo */ = {
			isa = PBXGroup;
			children = (
				CC33383622E05F0A0007FCC6 /* AppDelegate.h */,
				CC33383722E05F0A0007FCC6 /* AppDelegate.m */,
				CC33383922E05F0A0007FCC6 /* ViewController.h */,
				CC33383A22E05F0A0007FCC6 /* ViewController.m */,
				CC456BBC22E155440045F0BA /* README.md */,
				CC456BBA22E1553F0045F0BA /* LYSVersionUpdateManager.podspec */,
				CC33386822E060B00007FCC6 /* LYSVersionUpdateManager */,
				CC33383C22E05F0A0007FCC6 /* Main.storyboard */,
				CC33383F22E05F0B0007FCC6 /* Assets.xcassets */,
				CC33384122E05F0B0007FCC6 /* LaunchScreen.storyboard */,
				CC33384422E05F0B0007FCC6 /* Info.plist */,
				CC33384522E05F0B0007FCC6 /* main.m */,
			);
			path = LYSVersionUpdateManagerDemo;
			sourceTree = "<group>";
		};
		CC33384E22E05F0B0007FCC6 /* LYSVersionUpdateManagerDemoTests */ = {
			isa = PBXGroup;
			children = (
				CC33384F22E05F0B0007FCC6 /* LYSVersionUpdateManagerDemoTests.m */,
				CC33385122E05F0B0007FCC6 /* Info.plist */,
			);
			path = LYSVersionUpdateManagerDemoTests;
			sourceTree = "<group>";
		};
		CC33385922E05F0B0007FCC6 /* LYSVersionUpdateManagerDemoUITests */ = {
			isa = PBXGroup;
			children = (
				CC33385A22E05F0B0007FCC6 /* LYSVersionUpdateManagerDemoUITests.m */,
				CC33385C22E05F0B0007FCC6 /* Info.plist */,
			);
			path = LYSVersionUpdateManagerDemoUITests;
			sourceTree = "<group>";
		};
		CC33386822E060B00007FCC6 /* LYSVersionUpdateManager */ = {
			isa = PBXGroup;
			children = (
				CC33386922E060DE0007FCC6 /* LYSVersionUpdateManager.h */,
				CC33386A22E060DE0007FCC6 /* LYSVersionUpdateManager.m */,
			);
			name = LYSVersionUpdateManager;
			path = ../../LYSVersionUpdateManager;
			sourceTree = "<group>";
		};
/* End PBXGroup section */

/* Begin PBXNativeTarget section */
		CC33383222E05F0A0007FCC6 /* LYSVersionUpdateManagerDemo */ = {
			isa = PBXNativeTarget;
			buildConfigurationList = CC33385F22E05F0B0007FCC6 /* Build configuration list for PBXNativeTarget "LYSVersionUpdateManagerDemo" */;
			buildPhases = (
				CC33382F22E05F0A0007FCC6 /* Sources */,
				CC33383022E05F0A0007FCC6 /* Frameworks */,
				CC33383122E05F0A0007FCC6 /* Resources */,
			);
			buildRules = (
			);
			dependencies = (
			);
			name = LYSVersionUpdateManagerDemo;
			productName = LYSVersionUpdateManagerDemo;
			productReference = CC33383322E05F0A0007FCC6 /* LYSVersionUpdateManagerDemo.app */;
			productType = "com.apple.product-type.application";
		};
		CC33384A22E05F0B0007FCC6 /* LYSVersionUpdateManagerDemoTests */ = {
			isa = PBXNativeTarget;
			buildConfigurationList = CC33386222E05F0B0007FCC6 /* Build configuration list for PBXNativeTarget "LYSVersionUpdateManagerDemoTests" */;
			buildPhases = (
				CC33384722E05F0B0007FCC6 /* Sources */,
				CC33384822E05F0B0007FCC6 /* Frameworks */,
				CC33384922E05F0B0007FCC6 /* Resources */,
			);
			buildRules = (
			);
			dependencies = (
				CC33384D22E05F0B0007FCC6 /* PBXTargetDependency */,
			);
			name = LYSVersionUpdateManagerDemoTests;
			productName = LYSVersionUpdateManagerDemoTests;
			productReference = CC33384B22E05F0B0007FCC6 /* LYSVersionUpdateManagerDemoTests.xctest */;
			productType = "com.apple.product-type.bundle.unit-test";
		};
		CC33385522E05F0B0007FCC6 /* LYSVersionUpdateManagerDemoUITests */ = {
			isa = PBXNativeTarget;
			buildConfigurationList = CC33386522E05F0B0007FCC6 /* Build configuration list for PBXNativeTarget "LYSVersionUpdateManagerDemoUITests" */;
			buildPhases = (
				CC33385222E05F0B0007FCC6 /* Sources */,
				CC33385322E05F0B0007FCC6 /* Frameworks */,
				CC33385422E05F0B0007FCC6 /* Resources */,
			);
			buildRules = (
			);
			dependencies = (
				CC33385822E05F0B0007FCC6 /* PBXTargetDependency */,
			);
			name = LYSVersionUpdateManagerDemoUITests;
			productName = LYSVersionUpdateManagerDemoUITests;
			productReference = CC33385622E05F0B0007FCC6 /* LYSVersionUpdateManagerDemoUITests.xctest */;
			productType = "com.apple.product-type.bundle.ui-testing";
		};
/* End PBXNativeTarget section */

/* Begin PBXProject section */
		CC33382B22E05F0A0007FCC6 /* Project object */ = {
			isa = PBXProject;
			attributes = {
				LastUpgradeCheck = 1020;
				ORGANIZATIONNAME = HENAN;
				TargetAttributes = {
					CC33383222E05F0A0007FCC6 = {
						CreatedOnToolsVersion = 10.2.1;
					};
					CC33384A22E05F0B0007FCC6 = {
						CreatedOnToolsVersion = 10.2.1;
						TestTargetID = CC33383222E05F0A0007FCC6;
					};
					CC33385522E05F0B0007FCC6 = {
						CreatedOnToolsVersion = 10.2.1;
						TestTargetID = CC33383222E05F0A0007FCC6;
					};
				};
			};
			buildConfigurationList = CC33382E22E05F0A0007FCC6 /* Build configuration list for PBXProject "LYSVersionUpdateManagerDemo" */;
			compatibilityVersion = "Xcode 9.3";
			developmentRegion = en;
			hasScannedForEncodings = 0;
			knownRegions = (
				en,
				Base,
			);
			mainGroup = CC33382A22E05F0A0007FCC6;
			productRefGroup = CC33383422E05F0A0007FCC6 /* Products */;
			projectDirPath = "";
			projectRoot = "";
			targets = (
				CC33383222E05F0A0007FCC6 /* LYSVersionUpdateManagerDemo */,
				CC33384A22E05F0B0007FCC6 /* LYSVersionUpdateManagerDemoTests */,
				CC33385522E05F0B0007FCC6 /* LYSVersionUpdateManagerDemoUITests */,
			);
		};
/* End PBXProject section */

/* Begin PBXResourcesBuildPhase section */
		CC33383122E05F0A0007FCC6 /* Resources */ = {
			isa = PBXResourcesBuildPhase;
			buildActionMask = 2147483647;
			files = (
				CC33384322E05F0B0007FCC6 /* LaunchScreen.storyboard in Resources */,
				CC33384022E05F0B0007FCC6 /* Assets.xcassets in Resources */,
				CC456BBD22E155440045F0BA /* README.md in Resources */,
				CC33383E22E05F0A0007FCC6 /* Main.storyboard in Resources */,
				CC456BBB22E1553F0045F0BA /* LYSVersionUpdateManager.podspec in Resources */,
			);
			runOnlyForDeploymentPostprocessing = 0;
		};
		CC33384922E05F0B0007FCC6 /* Resources */ = {
			isa = PBXResourcesBuildPhase;
			buildActionMask = 2147483647;
			files = (
			);
			runOnlyForDeploymentPostprocessing = 0;
		};
		CC33385422E05F0B0007FCC6 /* Resources */ = {
			isa = PBXResourcesBuildPhase;
			buildActionMask = 2147483647;
			files = (
			);
			runOnlyForDeploymentPostprocessing = 0;
		};
/* End PBXResourcesBuildPhase section */

/* Begin PBXSourcesBuildPhase section */
		CC33382F22E05F0A0007FCC6 /* Sources */ = {
			isa = PBXSourcesBuildPhase;
			buildActionMask = 2147483647;
			files = (
				CC33386B22E060DE0007FCC6 /* LYSVersionUpdateManager.m in Sources */,
				CC33383B22E05F0A0007FCC6 /* ViewController.m in Sources */,
				CC33384622E05F0B0007FCC6 /* main.m in Sources */,
				CC33383822E05F0A0007FCC6 /* AppDelegate.m in Sources */,
			);
			runOnlyForDeploymentPostprocessing = 0;
		};
		CC33384722E05F0B0007FCC6 /* Sources */ = {
			isa = PBXSourcesBuildPhase;
			buildActionMask = 2147483647;
			files = (
				CC33385022E05F0B0007FCC6 /* LYSVersionUpdateManagerDemoTests.m in Sources */,
			);
			runOnlyForDeploymentPostprocessing = 0;
		};
		CC33385222E05F0B0007FCC6 /* Sources */ = {
			isa = PBXSourcesBuildPhase;
			buildActionMask = 2147483647;
			files = (
				CC33385B22E05F0B0007FCC6 /* LYSVersionUpdateManagerDemoUITests.m in Sources */,
			);
			runOnlyForDeploymentPostprocessing = 0;
		};
/* End PBXSourcesBuildPhase section */

/* Begin PBXTargetDependency section */
		CC33384D22E05F0B0007FCC6 /* PBXTargetDependency */ = {
			isa = PBXTargetDependency;
			target = CC33383222E05F0A0007FCC6 /* LYSVersionUpdateManagerDemo */;
			targetProxy = CC33384C22E05F0B0007FCC6 /* PBXContainerItemProxy */;
		};
		CC33385822E05F0B0007FCC6 /* PBXTargetDependency */ = {
			isa = PBXTargetDependency;
			target = CC33383222E05F0A0007FCC6 /* LYSVersionUpdateManagerDemo */;
			targetProxy = CC33385722E05F0B0007FCC6 /* PBXContainerItemProxy */;
		};
/* End PBXTargetDependency section */

/* Begin PBXVariantGroup section */
		CC33383C22E05F0A0007FCC6 /* Main.storyboard */ = {
			isa = PBXVariantGroup;
			children = (
				CC33383D22E05F0A0007FCC6 /* Base */,
			);
			name = Main.storyboard;
			sourceTree = "<group>";
		};
		CC33384122E05F0B0007FCC6 /* LaunchScreen.storyboard */ = {
			isa = PBXVariantGroup;
			children = (
				CC33384222E05F0B0007FCC6 /* Base */,
			);
			name = LaunchScreen.storyboard;
			sourceTree = "<group>";
		};
/* End PBXVariantGroup section */

/* Begin XCBuildConfiguration section */
		CC33385D22E05F0B0007FCC6 /* Debug */ = {
			isa = XCBuildConfiguration;
			buildSettings = {
				ALWAYS_SEARCH_USER_PATHS = NO;
				CLANG_ANALYZER_NONNULL = YES;
				CLANG_ANALYZER_NUMBER_OBJECT_CONVERSION = YES_AGGRESSIVE;
				CLANG_CXX_LANGUAGE_STANDARD = "gnu++14";
				CLANG_CXX_LIBRARY = "libc++";
				CLANG_ENABLE_MODULES = YES;
				CLANG_ENABLE_OBJC_ARC = YES;
				CLANG_ENABLE_OBJC_WEAK = YES;
				CLANG_WARN_BLOCK_CAPTURE_AUTORELEASING = YES;
				CLANG_WARN_BOOL_CONVERSION = YES;
				CLANG_WARN_COMMA = YES;
				CLANG_WARN_CONSTANT_CONVERSION = YES;
				CLANG_WARN_DEPRECATED_OBJC_IMPLEMENTATIONS = YES;
				CLANG_WARN_DIRECT_OBJC_ISA_USAGE = YES_ERROR;
				CLANG_WARN_DOCUMENTATION_COMMENTS = YES;
				CLANG_WARN_EMPTY_BODY = YES;
				CLANG_WARN_ENUM_CONVERSION = YES;
				CLANG_WARN_INFINITE_RECURSION = YES;
				CLANG_WARN_INT_CONVERSION = YES;
				CLANG_WARN_NON_LITERAL_NULL_CONVERSION = YES;
				CLANG_WARN_OBJC_IMPLICIT_RETAIN_SELF = YES;
				CLANG_WARN_OBJC_LITERAL_CONVERSION = YES;
				CLANG_WARN_OBJC_ROOT_CLASS = YES_ERROR;
				CLANG_WARN_RANGE_LOOP_ANALYSIS = YES;
				CLANG_WARN_STRICT_PROTOTYPES = YES;
				CLANG_WARN_SUSPICIOUS_MOVE = YES;
				CLANG_WARN_UNGUARDED_AVAILABILITY = YES_AGGRESSIVE;
				CLANG_WARN_UNREACHABLE_CODE = YES;
				CLANG_WARN__DUPLICATE_METHOD_MATCH = YES;
				CODE_SIGN_IDENTITY = "iPhone Developer";
				COPY_PHASE_STRIP = NO;
				DEBUG_INFORMATION_FORMAT = dwarf;
				ENABLE_STRICT_OBJC_MSGSEND = YES;
				ENABLE_TESTABILITY = YES;
				GCC_C_LANGUAGE_STANDARD = gnu11;
				GCC_DYNAMIC_NO_PIC = NO;
				GCC_NO_COMMON_BLOCKS = YES;
				GCC_OPTIMIZATION_LEVEL = 0;
				GCC_PREPROCESSOR_DEFINITIONS = (
					"DEBUG=1",
					"$(inherited)",
				);
				GCC_WARN_64_TO_32_BIT_CONVERSION = YES;
				GCC_WARN_ABOUT_RETURN_TYPE = YES_ERROR;
				GCC_WARN_UNDECLARED_SELECTOR = YES;
				GCC_WARN_UNINITIALIZED_AUTOS = YES_AGGRESSIVE;
				GCC_WARN_UNUSED_FUNCTION = YES;
				GCC_WARN_UNUSED_VARIABLE = YES;
				IPHONEOS_DEPLOYMENT_TARGET = 12.2;
				MTL_ENABLE_DEBUG_INFO = INCLUDE_SOURCE;
				MTL_FAST_MATH = YES;
				ONLY_ACTIVE_ARCH = YES;
				SDKROOT = iphoneos;
			};
			name = Debug;
		};
		CC33385E22E05F0B0007FCC6 /* Release */ = {
			isa = XCBuildConfiguration;
			buildSettings = {
				ALWAYS_SEARCH_USER_PATHS = NO;
				CLANG_ANALYZER_NONNULL = YES;
				CLANG_ANALYZER_NUMBER_OBJECT_CONVERSION = YES_AGGRESSIVE;
				CLANG_CXX_LANGUAGE_STANDARD = "gnu++14";
				CLANG_CXX_LIBRARY = "libc++";
				CLANG_ENABLE_MODULES = YES;
				CLANG_ENABLE_OBJC_ARC = YES;
				CLANG_ENABLE_OBJC_WEAK = YES;
				CLANG_WARN_BLOCK_CAPTURE_AUTORELEASING = YES;
				CLANG_WARN_BOOL_CONVERSION = YES;
				CLANG_WARN_COMMA = YES;
				CLANG_WARN_CONSTANT_CONVERSION = YES;
				CLANG_WARN_DEPRECATED_OBJC_IMPLEMENTATIONS = YES;
				CLANG_WARN_DIRECT_OBJC_ISA_USAGE = YES_ERROR;
				CLANG_WARN_DOCUMENTATION_COMMENTS = YES;
				CLANG_WARN_EMPTY_BODY = YES;
				CLANG_WARN_ENUM_CONVERSION = YES;
				CLANG_WARN_INFINITE_RECURSION = YES;
				CLANG_WARN_INT_CONVERSION = YES;
				CLANG_WARN_NON_LITERAL_NULL_CONVERSION = YES;
				CLANG_WARN_OBJC_IMPLICIT_RETAIN_SELF = YES;
				CLANG_WARN_OBJC_LITERAL_CONVERSION = YES;
				CLANG_WARN_OBJC_ROOT_CLASS = YES_ERROR;
				CLANG_WARN_RANGE_LOOP_ANALYSIS = YES;
				CLANG_WARN_STRICT_PROTOTYPES = YES;
				CLANG_WARN_SUSPICIOUS_MOVE = YES;
				CLANG_WARN_UNGUARDED_AVAILABILITY = YES_AGGRESSIVE;
				CLANG_WARN_UNREACHABLE_CODE = YES;
				CLANG_WARN__DUPLICATE_METHOD_MATCH = YES;
				CODE_SIGN_IDENTITY = "iPhone Developer";
				COPY_PHASE_STRIP = NO;
				DEBUG_INFORMATION_FORMAT = "dwarf-with-dsym";
				ENABLE_NS_ASSERTIONS = NO;
				ENABLE_STRICT_OBJC_MSGSEND = YES;
				GCC_C_LANGUAGE_STANDARD = gnu11;
				GCC_NO_COMMON_BLOCKS = YES;
				GCC_WARN_64_TO_32_BIT_CONVERSION = YES;
				GCC_WARN_ABOUT_RETURN_TYPE = YES_ERROR;
				GCC_WARN_UNDECLARED_SELECTOR = YES;
				GCC_WARN_UNINITIALIZED_AUTOS = YES_AGGRESSIVE;
				GCC_WARN_UNUSED_FUNCTION = YES;
				GCC_WARN_UNUSED_VARIABLE = YES;
				IPHONEOS_DEPLOYMENT_TARGET = 12.2;
				MTL_ENABLE_DEBUG_INFO = NO;
				MTL_FAST_MATH = YES;
				SDKROOT = iphoneos;
				VALIDATE_PRODUCT = YES;
			};
			name = Release;
		};
		CC33386022E05F0B0007FCC6 /* Debug */ = {
			isa = XCBuildConfiguration;
			buildSettings = {
				ASSETCATALOG_COMPILER_APPICON_NAME = AppIcon;
				CODE_SIGN_STYLE = Manual;
				DEVELOPMENT_TEAM = "";
				INFOPLIST_FILE = LYSVersionUpdateManagerDemo/Info.plist;
				IPHONEOS_DEPLOYMENT_TARGET = 8.0;
				LD_RUNPATH_SEARCH_PATHS = (
					"$(inherited)",
					"@executable_path/Frameworks",
				);
				PRODUCT_BUNDLE_IDENTIFIER = LYS.LYSVersionUpdateManagerDemo;
				PRODUCT_NAME = "$(TARGET_NAME)";
				PROVISIONING_PROFILE_SPECIFIER = "";
				TARGETED_DEVICE_FAMILY = "1,2";
			};
			name = Debug;
		};
		CC33386122E05F0B0007FCC6 /* Release */ = {
			isa = XCBuildConfiguration;
			buildSettings = {
				ASSETCATALOG_COMPILER_APPICON_NAME = AppIcon;
				CODE_SIGN_STYLE = Manual;
				DEVELOPMENT_TEAM = "";
				INFOPLIST_FILE = LYSVersionUpdateManagerDemo/Info.plist;
				IPHONEOS_DEPLOYMENT_TARGET = 8.0;
				LD_RUNPATH_SEARCH_PATHS = (
					"$(inherited)",
					"@executable_path/Frameworks",
				);
				PRODUCT_BUNDLE_IDENTIFIER = LYS.LYSVersionUpdateManagerDemo;
				PRODUCT_NAME = "$(TARGET_NAME)";
				PROVISIONING_PROFILE_SPECIFIER = "";
				TARGETED_DEVICE_FAMILY = "1,2";
			};
			name = Release;
		};
		CC33386322E05F0B0007FCC6 /* Debug */ = {
			isa = XCBuildConfiguration;
			buildSettings = {
				BUNDLE_LOADER = "$(TEST_HOST)";
				CODE_SIGN_STYLE = Automatic;
				INFOPLIST_FILE = LYSVersionUpdateManagerDemoTests/Info.plist;
				LD_RUNPATH_SEARCH_PATHS = (
					"$(inherited)",
					"@executable_path/Frameworks",
					"@loader_path/Frameworks",
				);
				PRODUCT_BUNDLE_IDENTIFIER = LYS.LYSVersionUpdateManagerDemoTests;
				PRODUCT_NAME = "$(TARGET_NAME)";
				TARGETED_DEVICE_FAMILY = "1,2";
				TEST_HOST = "$(BUILT_PRODUCTS_DIR)/LYSVersionUpdateManagerDemo.app/LYSVersionUpdateManagerDemo";
			};
			name = Debug;
		};
		CC33386422E05F0B0007FCC6 /* Release */ = {
			isa = XCBuildConfiguration;
			buildSettings = {
				BUNDLE_LOADER = "$(TEST_HOST)";
				CODE_SIGN_STYLE = Automatic;
				INFOPLIST_FILE = LYSVersionUpdateManagerDemoTests/Info.plist;
				LD_RUNPATH_SEARCH_PATHS = (
					"$(inherited)",
					"@executable_path/Frameworks",
					"@loader_path/Frameworks",
				);
				PRODUCT_BUNDLE_IDENTIFIER = LYS.LYSVersionUpdateManagerDemoTests;
				PRODUCT_NAME = "$(TARGET_NAME)";
				TARGETED_DEVICE_FAMILY = "1,2";
				TEST_HOST = "$(BUILT_PRODUCTS_DIR)/LYSVersionUpdateManagerDemo.app/LYSVersionUpdateManagerDemo";
			};
			name = Release;
		};
		CC33386622E05F0B0007FCC6 /* Debug */ = {
			isa = XCBuildConfiguration;
			buildSettings = {
				CODE_SIGN_STYLE = Automatic;
				INFOPLIST_FILE = LYSVersionUpdateManagerDemoUITests/Info.plist;
				LD_RUNPATH_SEARCH_PATHS = (
					"$(inherited)",
					"@executable_path/Frameworks",
					"@loader_path/Frameworks",
				);
				PRODUCT_BUNDLE_IDENTIFIER = LYS.LYSVersionUpdateManagerDemoUITests;
				PRODUCT_NAME = "$(TARGET_NAME)";
				TARGETED_DEVICE_FAMILY = "1,2";
				TEST_TARGET_NAME = LYSVersionUpdateManagerDemo;
			};
			name = Debug;
		};
		CC33386722E05F0B0007FCC6 /* Release */ = {
			isa = XCBuildConfiguration;
			buildSettings = {
				CODE_SIGN_STYLE = Automatic;
				INFOPLIST_FILE = LYSVersionUpdateManagerDemoUITests/Info.plist;
				LD_RUNPATH_SEARCH_PATHS = (
					"$(inherited)",
					"@executable_path/Frameworks",
					"@loader_path/Frameworks",
				);
				PRODUCT_BUNDLE_IDENTIFIER = LYS.LYSVersionUpdateManagerDemoUITests;
				PRODUCT_NAME = "$(TARGET_NAME)";
				TARGETED_DEVICE_FAMILY = "1,2";
				TEST_TARGET_NAME = LYSVersionUpdateManagerDemo;
			};
			name = Release;
		};
/* End XCBuildConfiguration section */

/* Begin XCConfigurationList section */
		CC33382E22E05F0A0007FCC6 /* Build configuration list for PBXProject "LYSVersionUpdateManagerDemo" */ = {
			isa = XCConfigurationList;
			buildConfigurations = (
				CC33385D22E05F0B0007FCC6 /* Debug */,
				CC33385E22E05F0B0007FCC6 /* Release */,
			);
			defaultConfigurationIsVisible = 0;
			defaultConfigurationName = Release;
		};
		CC33385F22E05F0B0007FCC6 /* Build configuration list for PBXNativeTarget "LYSVersionUpdateManagerDemo" */ = {
			isa = XCConfigurationList;
			buildConfigurations = (
				CC33386022E05F0B0007FCC6 /* Debug */,
				CC33386122E05F0B0007FCC6 /* Release */,
			);
			defaultConfigurationIsVisible = 0;
			defaultConfigurationName = Release;
		};
		CC33386222E05F0B0007FCC6 /* Build configuration list for PBXNativeTarget "LYSVersionUpdateManagerDemoTests" */ = {
			isa = XCConfigurationList;
			buildConfigurations = (
				CC33386322E05F0B0007FCC6 /* Debug */,
				CC33386422E05F0B0007FCC6 /* Release */,
			);
			defaultConfigurationIsVisible = 0;
			defaultConfigurationName = Release;
		};
		CC33386522E05F0B0007FCC6 /* Build configuration list for PBXNativeTarget "LYSVersionUpdateManagerDemoUITests" */ = {
			isa = XCConfigurationList;
			buildConfigurations = (
				CC33386622E05F0B0007FCC6 /* Debug */,
				CC33386722E05F0B0007FCC6 /* Release */,
			);
			defaultConfigurationIsVisible = 0;
			defaultConfigurationName = Release;
		};
/* End XCConfigurationList section */
	};
	rootObject = CC33382B22E05F0A0007FCC6 /* Project object */;
}
